
Microsoft Visual Studio Solution File, Format Version 12.00
# Visual Studio Version 17
VisualStudioVersion = 17.9.34526.213
MinimumVisualStudioVersion = 10.0.40219.1
Project("{9A19103F-16F7-4668-BE54-9A1E7A4F7556}") = "EfiSharp", "EfiSharp\EfiSharp.csproj", "{29638C7F-DF37-4457-8F82-FA82D978630B}"
EndProject
Global
	GlobalSection(SolutionConfigurationPlatforms) = preSolution
		Debug|Any CPU = Debug|Any CPU
		Release|Any CPU = Release|Any CPU
	EndGlobalSection
	GlobalSection(ProjectConfigurationPlatforms) = postSolution
		{29638C7F-DF37-4457-8F82-FA82D978630B}.Debug|Any CPU.ActiveCfg = Debug|Any CPU
		{29638C7F-DF37-4457-8F82-FA82D978630B}.Debug|Any CPU.Build.0 = Debug|Any CPU
		{29638C7F-DF37-4457-8F82-FA82D978630B}.Release|Any CPU.ActiveCfg = Release|Any CPU
		{29638C7F-DF37-4457-8F82-FA82D978630B}.Release|Any CPU.Build.0 = Release|Any CPU
	EndGlobalSection
	GlobalSection(SolutionProperties) = preSolution
		HideSolutionNode = FALSE
	EndGlobalSection
	GlobalSection(ExtensibilityGlobals) = postSolution
		SolutionGuid = {55A61C22-752C-4EE6-8CBA-EF2607F0BEA8}
	EndGlobalSection
EndGlobal
